// !$*UTF8*$!
{
	archiveVersion = 1;
	classes = {
	};
	objectVersion = 46;
	objects = {

/* Begin PBXBuildFile section */
		81259BA41BA93D3F00D11710 /* Images.xcassets in Resources */ = {isa = PBXBuildFile; fileRef = 81259BA31BA93D3F00D11710 /* Images.xcassets */; };
		81A4FD681BA93F3A00B66C14 /* switchIcon.png in Resources */ = {isa = PBXBuildFile; fileRef = 81A4FD671BA93F3A00B66C14 /* switchIcon.png */; };
		81F121C91BA90F5800AA71C1 /* AppDelegate.m in Sources */ = {isa = PBXBuildFile; fileRef = 81F121C81BA90F5800AA71C1 /* AppDelegate.m */; };
		81F121CB1BA90F5800AA71C1 /* main.m in Sources */ = {isa = PBXBuildFile; fileRef = 81F121CA1BA90F5800AA71C1 /* main.m */; };
		81F121CE1BA90F5800AA71C1 /* ViewController.m in Sources */ = {isa = PBXBuildFile; fileRef = 81F121CD1BA90F5800AA71C1 /* ViewController.m */; };
		81F121D31BA90F5800AA71C1 /* Main.storyboard in Resources */ = {isa = PBXBuildFile; fileRef = 81F121D11BA90F5800AA71C1 /* Main.storyboard */; };
		81F121DF1BA90F5800AA71C1 /* EasyPushTests.m in Sources */ = {isa = PBXBuildFile; fileRef = 81F121DE1BA90F5800AA71C1 /* EasyPushTests.m */; };
		81F121E91BA9114F00AA71C1 /* CocoaAsyncSocket.framework in Frameworks */ = {isa = PBXBuildFile; fileRef = 81F121E81BA9114F00AA71C1 /* CocoaAsyncSocket.framework */; };
/* End PBXBuildFile section */

/* Begin PBXContainerItemProxy section */
		81F121D91BA90F5800AA71C1 /* PBXContainerItemProxy */ = {
			isa = PBXContainerItemProxy;
			containerPortal = 81F121BA1BA90F5800AA71C1 /* Project object */;
			proxyType = 1;
			remoteGlobalIDString = 81F121C11BA90F5800AA71C1;
			remoteInfo = EasyPush;
		};
/* End PBXContainerItemProxy section */

/* Begin PBXFileReference section */
		81259BA31BA93D3F00D11710 /* Images.xcassets */ = {isa = PBXFileReference; lastKnownFileType = folder.assetcatalog; path = Images.xcassets; sourceTree = "<group>"; };
		81A4FD671BA93F3A00B66C14 /* switchIcon.png */ = {isa = PBXFileReference; lastKnownFileType = image.png; path = switchIcon.png; sourceTree = "<group>"; };
		81F121C21BA90F5800AA71C1 /* EasyPush.app */ = {isa = PBXFileReference; explicitFileType = wrapper.application; includeInIndex = 0; path = EasyPush.app; sourceTree = BUILT_PRODUCTS_DIR; };
		81F121C61BA90F5800AA71C1 /* Info.plist */ = {isa = PBXFileReference; lastKnownFileType = text.plist.xml; path = Info.plist; sourceTree = "<group>"; };
		81F121C71BA90F5800AA71C1 /* AppDelegate.h */ = {isa = PBXFileReference; lastKnownFileType = sourcecode.c.h; path = AppDelegate.h; sourceTree = "<group>"; };
		81F121C81BA90F5800AA71C1 /* AppDelegate.m */ = {isa = PBXFileReference; lastKnownFileType = sourcecode.c.objc; path = AppDelegate.m; sourceTree = "<group>"; };
		81F121CA1BA90F5800AA71C1 /* main.m */ = {isa = PBXFileReference; lastKnownFileType = sourcecode.c.objc; path = main.m; sourceTree = "<group>"; };
		81F121CC1BA90F5800AA71C1 /* ViewController.h */ = {isa = PBXFileReference; lastKnownFileType = sourcecode.c.h; path = ViewController.h; sourceTree = "<group>"; };
		81F121CD1BA90F5800AA71C1 /* ViewController.m */ = {isa = PBXFileReference; lastKnownFileType = sourcecode.c.objc; path = ViewController.m; sourceTree = "<group>"; };
		81F121D21BA90F5800AA71C1 /* Base */ = {isa = PBXFileReference; lastKnownFileType = file.storyboard; name = Base; path = Base.lproj/Main.storyboard; sourceTree = "<group>"; };
		81F121D81BA90F5800AA71C1 /* EasyPushTests.xctest */ = {isa = PBXFileReference; explicitFileType = wrapper.cfbundle; includeInIndex = 0; path = EasyPushTests.xctest; sourceTree = BUILT_PRODUCTS_DIR; };
		81F121DD1BA90F5800AA71C1 /* Info.plist */ = {isa = PBXFileReference; lastKnownFileType = text.plist.xml; path = Info.plist; sourceTree = "<group>"; };
		81F121DE1BA90F5800AA71C1 /* EasyPushTests.m */ = {isa = PBXFileReference; lastKnownFileType = sourcecode.c.objc; path = EasyPushTests.m; sourceTree = "<group>"; };
		81F121E81BA9114F00AA71C1 /* CocoaAsyncSocket.framework */ = {isa = PBXFileReference; lastKnownFileType = wrapper.framework; name = CocoaAsyncSocket.framework; path = Carthage/Build/Mac/CocoaAsyncSocket.framework; sourceTree = "<group>"; };
/* End PBXFileReference section */

/* Begin PBXFrameworksBuildPhase section */
		81F121BF1BA90F5800AA71C1 /* Frameworks */ = {
			isa = PBXFrameworksBuildPhase;
			buildActionMask = 2147483647;
			files = (
				81F121E91BA9114F00AA71C1 /* CocoaAsyncSocket.framework in Frameworks */,
			);
			runOnlyForDeploymentPostprocessing = 0;
		};
		81F121D51BA90F5800AA71C1 /* Frameworks */ = {
			isa = PBXFrameworksBuildPhase;
			buildActionMask = 2147483647;
			files = (
			);
			runOnlyForDeploymentPostprocessing = 0;
		};
/* End PBXFrameworksBuildPhase section */

/* Begin PBXGroup section */
		81F121B91BA90F5800AA71C1 = {
			isa = PBXGroup;
			children = (
				81F121E81BA9114F00AA71C1 /* CocoaAsyncSocket.framework */,
				81F121C41BA90F5800AA71C1 /* EasyPush */,
				81F121DB1BA90F5800AA71C1 /* EasyPushTests */,
				81F121C31BA90F5800AA71C1 /* Products */,
			);
			sourceTree = "<group>";
		};
		81F121C31BA90F5800AA71C1 /* Products */ = {
			isa = PBXGroup;
			children = (
				81F121C21BA90F5800AA71C1 /* EasyPush.app */,
				81F121D81BA90F5800AA71C1 /* EasyPushTests.xctest */,
			);
			name = Products;
			sourceTree = "<group>";
		};
		81F121C41BA90F5800AA71C1 /* EasyPush */ = {
			isa = PBXGroup;
			children = (
				81A4FD671BA93F3A00B66C14 /* switchIcon.png */,
				81F121C71BA90F5800AA71C1 /* AppDelegate.h */,
				81F121C81BA90F5800AA71C1 /* AppDelegate.m */,
				81F121CC1BA90F5800AA71C1 /* ViewController.h */,
				81F121CD1BA90F5800AA71C1 /* ViewController.m */,
				81F121D11BA90F5800AA71C1 /* Main.storyboard */,
				81F121C51BA90F5800AA71C1 /* Supporting Files */,
				81259BA31BA93D3F00D11710 /* Images.xcassets */,
			);
			path = EasyPush;
			sourceTree = "<group>";
		};
		81F121C51BA90F5800AA71C1 /* Supporting Files */ = {
			isa = PBXGroup;
			children = (
				81F121C61BA90F5800AA71C1 /* Info.plist */,
				81F121CA1BA90F5800AA71C1 /* main.m */,
			);
			name = "Supporting Files";
			sourceTree = "<group>";
		};
		81F121DB1BA90F5800AA71C1 /* EasyPushTests */ = {
			isa = PBXGroup;
			children = (
				81F121DE1BA90F5800AA71C1 /* EasyPushTests.m */,
				81F121DC1BA90F5800AA71C1 /* Supporting Files */,
			);
			path = EasyPushTests;
			sourceTree = "<group>";
		};
		81F121DC1BA90F5800AA71C1 /* Supporting Files */ = {
			isa = PBXGroup;
			children = (
				81F121DD1BA90F5800AA71C1 /* Info.plist */,
			);
			name = "Supporting Files";
			sourceTree = "<group>";
		};
/* End PBXGroup section */

/* Begin PBXNativeTarget section */
		81F121C11BA90F5800AA71C1 /* EasyPush */ = {
			isa = PBXNativeTarget;
			buildConfigurationList = 81F121E21BA90F5800AA71C1 /* Build configuration list for PBXNativeTarget "EasyPush" */;
			buildPhases = (
				81F121BE1BA90F5800AA71C1 /* Sources */,
				81F121BF1BA90F5800AA71C1 /* Frameworks */,
				81F121C01BA90F5800AA71C1 /* Resources */,
				81F121EA1BA911A000AA71C1 /* ShellScript */,
			);
			buildRules = (
			);
			dependencies = (
			);
			name = EasyPush;
			productName = EasyPush;
			productReference = 81F121C21BA90F5800AA71C1 /* EasyPush.app */;
			productType = "com.apple.product-type.application";
		};
		81F121D71BA90F5800AA71C1 /* EasyPushTests */ = {
			isa = PBXNativeTarget;
			buildConfigurationList = 81F121E51BA90F5800AA71C1 /* Build configuration list for PBXNativeTarget "EasyPushTests" */;
			buildPhases = (
				81F121D41BA90F5800AA71C1 /* Sources */,
				81F121D51BA90F5800AA71C1 /* Frameworks */,
				81F121D61BA90F5800AA71C1 /* Resources */,
			);
			buildRules = (
			);
			dependencies = (
				81F121DA1BA90F5800AA71C1 /* PBXTargetDependency */,
			);
			name = EasyPushTests;
			productName = EasyPushTests;
			productReference = 81F121D81BA90F5800AA71C1 /* EasyPushTests.xctest */;
			productType = "com.apple.product-type.bundle.unit-test";
		};
/* End PBXNativeTarget section */

/* Begin PBXProject section */
		81F121BA1BA90F5800AA71C1 /* Project object */ = {
			isa = PBXProject;
			attributes = {
				LastUpgradeCheck = 0640;
				ORGANIZATIONNAME = Haven;
				TargetAttributes = {
					81F121C11BA90F5800AA71C1 = {
						CreatedOnToolsVersion = 6.4;
					};
					81F121D71BA90F5800AA71C1 = {
						CreatedOnToolsVersion = 6.4;
						TestTargetID = 81F121C11BA90F5800AA71C1;
					};
				};
			};
			buildConfigurationList = 81F121BD1BA90F5800AA71C1 /* Build configuration list for PBXProject "EasyPush" */;
			compatibilityVersion = "Xcode 3.2";
			developmentRegion = English;
			hasScannedForEncodings = 0;
			knownRegions = (
				en,
				Base,
			);
			mainGroup = 81F121B91BA90F5800AA71C1;
			productRefGroup = 81F121C31BA90F5800AA71C1 /* Products */;
			projectDirPath = "";
			projectRoot = "";
			targets = (
				81F121C11BA90F5800AA71C1 /* EasyPush */,
				81F121D71BA90F5800AA71C1 /* EasyPushTests */,
			);
		};
/* End PBXProject section */

/* Begin PBXResourcesBuildPhase section */
		81F121C01BA90F5800AA71C1 /* Resources */ = {
			isa = PBXResourcesBuildPhase;
			buildActionMask = 2147483647;
			files = (
				81A4FD681BA93F3A00B66C14 /* switchIcon.png in Resources */,
				81259BA41BA93D3F00D11710 /* Images.xcassets in Resources */,
				81F121D31BA90F5800AA71C1 /* Main.storyboard in Resources */,
			);
			runOnlyForDeploymentPostprocessing = 0;
		};
		81F121D61BA90F5800AA71C1 /* Resources */ = {
			isa = PBXResourcesBuildPhase;
			buildActionMask = 2147483647;
			files = (
			);
			runOnlyForDeploymentPostprocessing = 0;
		};
/* End PBXResourcesBuildPhase section */

/* Begin PBXShellScriptBuildPhase section */
		81F121EA1BA911A000AA71C1 /* ShellScript */ = {
			isa = PBXShellScriptBuildPhase;
			buildActionMask = 2147483647;
			files = (
			);
			inputPaths = (
				"$(SRCROOT)/Carthage/Build/Mac/CocoaAsyncSocket.framework",
			);
			outputPaths = (
			);
			runOnlyForDeploymentPostprocessing = 0;
			shellPath = /bin/sh;
			shellScript = "/usr/local/bin/carthage copy-frameworks";
		};
/* End PBXShellScriptBuildPhase section */

/* Begin PBXSourcesBuildPhase section */
		81F121BE1BA90F5800AA71C1 /* Sources */ = {
			isa = PBXSourcesBuildPhase;
			buildActionMask = 2147483647;
			files = (
				81F121CE1BA90F5800AA71C1 /* ViewController.m in Sources */,
				81F121CB1BA90F5800AA71C1 /* main.m in Sources */,
				81F121C91BA90F5800AA71C1 /* AppDelegate.m in Sources */,
			);
			runOnlyForDeploymentPostprocessing = 0;
		};
		81F121D41BA90F5800AA71C1 /* Sources */ = {
			isa = PBXSourcesBuildPhase;
			buildActionMask = 2147483647;
			files = (
				81F121DF1BA90F5800AA71C1 /* EasyPushTests.m in Sources */,
			);
			runOnlyForDeploymentPostprocessing = 0;
		};
/* End PBXSourcesBuildPhase section */

/* Begin PBXTargetDependency section */
		81F121DA1BA90F5800AA71C1 /* PBXTargetDependency */ = {
			isa = PBXTargetDependency;
			target = 81F121C11BA90F5800AA71C1 /* EasyPush */;
			targetProxy = 81F121D91BA90F5800AA71C1 /* PBXContainerItemProxy */;
		};
/* End PBXTargetDependency section */

/* Begin PBXVariantGroup section */
		81F121D11BA90F5800AA71C1 /* Main.storyboard */ = {
			isa = PBXVariantGroup;
			children = (
				81F121D21BA90F5800AA71C1 /* Base */,
			);
			name = Main.storyboard;
			sourceTree = "<group>";
		};
/* End PBXVariantGroup section */

/* Begin XCBuildConfiguration section */
		81F121E01BA90F5800AA71C1 /* Debug */ = {
			isa = XCBuildConfiguration;
			buildSettings = {
				ALWAYS_SEARCH_USER_PATHS = NO;
				CLANG_CXX_LANGUAGE_STANDARD = "gnu++0x";
				CLANG_CXX_LIBRARY = "libc++";
				CLANG_ENABLE_MODULES = YES;
				CLANG_ENABLE_OBJC_ARC = YES;
				CLANG_WARN_BOOL_CONVERSION = YES;
				CLANG_WARN_CONSTANT_CONVERSION = YES;
				CLANG_WARN_DIRECT_OBJC_ISA_USAGE = YES_ERROR;
				CLANG_WARN_EMPTY_BODY = YES;
				CLANG_WARN_ENUM_CONVERSION = YES;
				CLANG_WARN_INT_CONVERSION = YES;
				CLANG_WARN_OBJC_ROOT_CLASS = YES_ERROR;
				CLANG_WARN_UNREACHABLE_CODE = YES;
				CLANG_WARN__DUPLICATE_METHOD_MATCH = YES;
				CODE_SIGN_IDENTITY = "-";
				COPY_PHASE_STRIP = NO;
				DEBUG_INFORMATION_FORMAT = dwarf;
				ENABLE_STRICT_OBJC_MSGSEND = YES;
				GCC_C_LANGUAGE_STANDARD = gnu99;
				GCC_DYNAMIC_NO_PIC = NO;
				GCC_NO_COMMON_BLOCKS = YES;
				GCC_OPTIMIZATION_LEVEL = 0;
				GCC_PREPROCESSOR_DEFINITIONS = (
					"DEBUG=1",
					"$(inherited)",
				);
				GCC_SYMBOLS_PRIVATE_EXTERN = NO;
				GCC_WARN_64_TO_32_BIT_CONVERSION = YES;
				GCC_WARN_ABOUT_RETURN_TYPE = YES_ERROR;
				GCC_WARN_UNDECLARED_SELECTOR = YES;
				GCC_WARN_UNINITIALIZED_AUTOS = YES_AGGRESSIVE;
				GCC_WARN_UNUSED_FUNCTION = YES;
				GCC_WARN_UNUSED_VARIABLE = YES;
				MACOSX_DEPLOYMENT_TARGET = 10.10;
				MTL_ENABLE_DEBUG_INFO = YES;
				ONLY_ACTIVE_ARCH = YES;
				SDKROOT = macosx;
			};
			name = Debug;
		};
		81F121E11BA90F5800AA71C1 /* Release */ = {
			isa = XCBuildConfiguration;
			buildSettings = {
				ALWAYS_SEARCH_USER_PATHS = NO;
				CLANG_CXX_LANGUAGE_STANDARD = "gnu++0x";
				CLANG_CXX_LIBRARY = "libc++";
				CLANG_ENABLE_MODULES = YES;
				CLANG_ENABLE_OBJC_ARC = YES;
				CLANG_WARN_BOOL_CONVERSION = YES;
				CLANG_WARN_CONSTANT_CONVERSION = YES;
				CLANG_WARN_DIRECT_OBJC_ISA_USAGE = YES_ERROR;
				CLANG_WARN_EMPTY_BODY = YES;
				CLANG_WARN_ENUM_CONVERSION = YES;
				CLANG_WARN_INT_CONVERSION = YES;
				CLANG_WARN_OBJC_ROOT_CLASS = YES_ERROR;
				CLANG_WARN_UNREACHABLE_CODE = YES;
				CLANG_WARN__DUPLICATE_METHOD_MATCH = YES;
				CODE_SIGN_IDENTITY = "-";
				COPY_PHASE_STRIP = NO;
				DEBUG_INFORMATION_FORMAT = "dwarf-with-dsym";
				ENABLE_NS_ASSERTIONS = NO;
				ENABLE_STRICT_OBJC_MSGSEND = YES;
				GCC_C_LANGUAGE_STANDARD = gnu99;
				GCC_NO_COMMON_BLOCKS = YES;
				GCC_WARN_64_TO_32_BIT_CONVERSION = YES;
				GCC_WARN_ABOUT_RETURN_TYPE = YES_ERROR;
				GCC_WARN_UNDECLARED_SELECTOR = YES;
				GCC_WARN_UNINITIALIZED_AUTOS = YES_AGGRESSIVE;
				GCC_WARN_UNUSED_FUNCTION = YES;
				GCC_WARN_UNUSED_VARIABLE = YES;
				MACOSX_DEPLOYMENT_TARGET = 10.10;
				MTL_ENABLE_DEBUG_INFO = NO;
				SDKROOT = macosx;
			};
			name = Release;
		};
		81F121E31BA90F5800AA71C1 /* Debug */ = {
			isa = XCBuildConfiguration;
			buildSettings = {
				ASSETCATALOG_COMPILER_APPICON_NAME = AppIcon;
				COMBINE_HIDPI_IMAGES = YES;
				FRAMEWORK_SEARCH_PATHS = (
					"$(inherited)",
					"$(PROJECT_DIR)/Carthage/Build/Mac",
				);
				INFOPLIST_FILE = EasyPush/Info.plist;
				LD_RUNPATH_SEARCH_PATHS = "$(inherited) @executable_path/../Frameworks";
				PRODUCT_NAME = "$(TARGET_NAME)";
			};
			name = Debug;
		};
		81F121E41BA90F5800AA71C1 /* Release */ = {
			isa = XCBuildConfiguration;
			buildSettings = {
				ASSETCATALOG_COMPILER_APPICON_NAME = AppIcon;
				COMBINE_HIDPI_IMAGES = YES;
				FRAMEWORK_SEARCH_PATHS = (
					"$(inherited)",
					"$(PROJECT_DIR)/Carthage/Build/Mac",
				);
				INFOPLIST_FILE = EasyPush/Info.plist;
				LD_RUNPATH_SEARCH_PATHS = "$(inherited) @executable_path/../Frameworks";
				PRODUCT_NAME = "$(TARGET_NAME)";
			};
			name = Release;
		};
		81F121E61BA90F5800AA71C1 /* Debug */ = {
			isa = XCBuildConfiguration;
			buildSettings = {
				BUNDLE_LOADER = "$(TEST_HOST)";
				COMBINE_HIDPI_IMAGES = YES;
				FRAMEWORK_SEARCH_PATHS = (
					"$(DEVELOPER_FRAMEWORKS_DIR)",
					"$(inherited)",
				);
				GCC_PREPROCESSOR_DEFINITIONS = (
					"DEBUG=1",
					"$(inherited)",
				);
				INFOPLIST_FILE = EasyPushTests/Info.plist;
				LD_RUNPATH_SEARCH_PATHS = "$(inherited) @executable_path/../Frameworks @loader_path/../Frameworks";
				PRODUCT_NAME = "$(TARGET_NAME)";
				TEST_HOST = "$(BUILT_PRODUCTS_DIR)/EasyPush.app/Contents/MacOS/EasyPush";
			};
			name = Debug;
		};
		81F121E71BA90F5800AA71C1 /* Release */ = {
			isa = XCBuildConfiguration;
			buildSettings = {
				BUNDLE_LOADER = "$(TEST_HOST)";
				COMBINE_HIDPI_IMAGES = YES;
				FRAMEWORK_SEARCH_PATHS = (
					"$(DEVELOPER_FRAMEWORKS_DIR)",
					"$(inherited)",
				);
				INFOPLIST_FILE = EasyPushTests/Info.plist;
				LD_RUNPATH_SEARCH_PATHS = "$(inherited) @executable_path/../Frameworks @loader_path/../Frameworks";
				PRODUCT_NAME = "$(TARGET_NAME)";
				TEST_HOST = "$(BUILT_PRODUCTS_DIR)/EasyPush.app/Contents/MacOS/EasyPush";
			};
			name = Release;
		};
/* End XCBuildConfiguration section */

/* Begin XCConfigurationList section */
		81F121BD1BA90F5800AA71C1 /* Build configuration list for PBXProject "EasyPush" */ = {
			isa = XCConfigurationList;
			buildConfigurations = (
				81F121E01BA90F5800AA71C1 /* Debug */,
				81F121E11BA90F5800AA71C1 /* Release */,
			);
			defaultConfigurationIsVisible = 0;
			defaultConfigurationName = Release;
		};
		81F121E21BA90F5800AA71C1 /* Build configuration list for PBXNativeTarget "EasyPush" */ = {
			isa = XCConfigurationList;
			buildConfigurations = (
				81F121E31BA90F5800AA71C1 /* Debug */,
				81F121E41BA90F5800AA71C1 /* Release */,
			);
			defaultConfigurationIsVisible = 0;
			defaultConfigurationName = Release;
		};
		81F121E51BA90F5800AA71C1 /* Build configuration list for PBXNativeTarget "EasyPushTests" */ = {
			isa = XCConfigurationList;
			buildConfigurations = (
				81F121E61BA90F5800AA71C1 /* Debug */,
				81F121E71BA90F5800AA71C1 /* Release */,
			);
			defaultConfigurationIsVisible = 0;
			defaultConfigurationName = Release;
		};
/* End XCConfigurationList section */
	};
	rootObject = 81F121BA1BA90F5800AA71C1 /* Project object */;
}
